
Microsoft Visual Studio Solution File, Format Version 12.00
# Visual Studio 15
VisualStudioVersion = 15.0.28307.902
MinimumVisualStudioVersion = 10.0.40219.1
Project("{FAE04EC0-301F-11D3-BF4B-00C04F79EFBC}") = "App.Android", "App\App.Android\App.Android.csproj", "{0D869C7B-5BFD-4B65-A839-C66BD3E835D4}"
EndProject
Project("{FAE04EC0-301F-11D3-BF4B-00C04F79EFBC}") = "App.iOS", "App\App.iOS\App.iOS.csproj", "{EA8B6974-184B-4E26-9AE7-225D39A5E2FE}"
EndProject
Project("{FAE04EC0-301F-11D3-BF4B-00C04F79EFBC}") = "App", "App\App\App.csproj", "{7EEF4A75-68C4-47D2-94C9-E2844489BDCA}"
EndProject
Global
	GlobalSection(SolutionConfigurationPlatforms) = preSolution
		Ad-Hoc|Any CPU = Ad-Hoc|Any CPU
		Ad-Hoc|iPhone = Ad-Hoc|iPhone
		Ad-Hoc|iPhoneSimulator = Ad-Hoc|iPhoneSimulator
		AppStore|Any CPU = AppStore|Any CPU
		AppStore|iPhone = AppStore|iPhone
		AppStore|iPhoneSimulator = AppStore|iPhoneSimulator
		Debug|Any CPU = Debug|Any CPU
		Debug|iPhone = Debug|iPhone
		Debug|iPhoneSimulator = Debug|iPhoneSimulator
		Release|Any CPU = Release|Any CPU
		Release|iPhone = Release|iPhone
		Release|iPhoneSimulator = Release|iPhoneSimulator
	EndGlobalSection
	GlobalSection(ProjectConfigurationPlatforms) = postSolution
		{0D869C7B-5BFD-4B65-A839-C66BD3E835D4}.Ad-Hoc|Any CPU.ActiveCfg = Release|Any CPU
		{0D869C7B-5BFD-4B65-A839-C66BD3E835D4}.Ad-Hoc|Any CPU.Build.0 = Release|Any CPU
		{0D869C7B-5BFD-4B65-A839-C66BD3E835D4}.Ad-Hoc|Any CPU.Deploy.0 = Release|Any CPU
		{0D869C7B-5BFD-4B65-A839-C66BD3E835D4}.Ad-Hoc|iPhone.ActiveCfg = Release|Any CPU
		{0D869C7B-5BFD-4B65-A839-C66BD3E835D4}.Ad-Hoc|iPhone.Build.0 = Release|Any CPU
		{0D869C7B-5BFD-4B65-A839-C66BD3E835D4}.Ad-Hoc|iPhone.Deploy.0 = Release|Any CPU
		{0D869C7B-5BFD-4B65-A839-C66BD3E835D4}.Ad-Hoc|iPhoneSimulator.ActiveCfg = Release|Any CPU
		{0D869C7B-5BFD-4B65-A839-C66BD3E835D4}.Ad-Hoc|iPhoneSimulator.Build.0 = Release|Any CPU
		{0D869C7B-5BFD-4B65-A839-C66BD3E835D4}.Ad-Hoc|iPhoneSimulator.Deploy.0 = Release|Any CPU
		{0D869C7B-5BFD-4B65-A839-C66BD3E835D4}.AppStore|Any CPU.ActiveCfg = Release|Any CPU
		{0D869C7B-5BFD-4B65-A839-C66BD3E835D4}.AppStore|Any CPU.Build.0 = Release|Any CPU
		{0D869C7B-5BFD-4B65-A839-C66BD3E835D4}.AppStore|Any CPU.Deploy.0 = Release|Any CPU
		{0D869C7B-5BFD-4B65-A839-C66BD3E835D4}.AppStore|iPhone.ActiveCfg = Release|Any CPU
		{0D869C7B-5BFD-4B65-A839-C66BD3E835D4}.AppStore|iPhone.Build.0 = Release|Any CPU
		{0D869C7B-5BFD-4B65-A839-C66BD3E835D4}.AppStore|iPhone.Deploy.0 = Release|Any CPU
		{0D869C7B-5BFD-4B65-A839-C66BD3E835D4}.AppStore|iPhoneSimulator.ActiveCfg = Release|Any CPU
		{0D869C7B-5BFD-4B65-A839-C66BD3E835D4}.AppStore|iPhoneSimulator.Build.0 = Release|Any CPU
		{0D869C7B-5BFD-4B65-A839-C66BD3E835D4}.AppStore|iPhoneSimulator.Deploy.0 = Release|Any CPU
		{0D869C7B-5BFD-4B65-A839-C66BD3E835D4}.Debug|Any CPU.ActiveCfg = Debug|Any CPU
		{0D869C7B-5BFD-4B65-A839-C66BD3E835D4}.Debug|Any CPU.Build.0 = Debug|Any CPU
		{0D869C7B-5BFD-4B65-A839-C66BD3E835D4}.Debug|Any CPU.Deploy.0 = Debug|Any CPU
		{0D869C7B-5BFD-4B65-A839-C66BD3E835D4}.Debug|iPhone.ActiveCfg = Debug|Any CPU
		{0D869C7B-5BFD-4B65-A839-C66BD3E835D4}.Debug|iPhone.Build.0 = Debug|Any CPU
		{0D869C7B-5BFD-4B65-A839-C66BD3E835D4}.Debug|iPhone.Deploy.0 = Debug|Any CPU
		{0D869C7B-5BFD-4B65-A839-C66BD3E835D4}.Debug|iPhoneSimulator.ActiveCfg = Debug|Any CPU
		{0D869C7B-5BFD-4B65-A839-C66BD3E835D4}.Debug|iPhoneSimulator.Build.0 = Debug|Any CPU
		{0D869C7B-5BFD-4B65-A839-C66BD3E835D4}.Debug|iPhoneSimulator.Deploy.0 = Debug|Any CPU
		{0D869C7B-5BFD-4B65-A839-C66BD3E835D4}.Release|Any CPU.ActiveCfg = Release|Any CPU
		{0D869C7B-5BFD-4B65-A839-C66BD3E835D4}.Release|Any CPU.Build.0 = Release|Any CPU
		{0D869C7B-5BFD-4B65-A839-C66BD3E835D4}.Release|Any CPU.Deploy.0 = Release|Any CPU
		{0D869C7B-5BFD-4B65-A839-C66BD3E835D4}.Release|iPhone.ActiveCfg = Release|Any CPU
		{0D869C7B-5BFD-4B65-A839-C66BD3E835D4}.Release|iPhone.Build.0 = Release|Any CPU
		{0D869C7B-5BFD-4B65-A839-C66BD3E835D4}.Release|iPhone.Deploy.0 = Release|Any CPU
		{0D869C7B-5BFD-4B65-A839-C66BD3E835D4}.Release|iPhoneSimulator.ActiveCfg = Release|Any CPU
		{0D869C7B-5BFD-4B65-A839-C66BD3E835D4}.Release|iPhoneSimulator.Build.0 = Release|Any CPU
		{0D869C7B-5BFD-4B65-A839-C66BD3E835D4}.Release|iPhoneSimulator.Deploy.0 = Release|Any CPU
		{EA8B6974-184B-4E26-9AE7-225D39A5E2FE}.Ad-Hoc|Any CPU.ActiveCfg = Ad-Hoc|iPhone
		{EA8B6974-184B-4E26-9AE7-225D39A5E2FE}.Ad-Hoc|Any CPU.Build.0 = Ad-Hoc|iPhone
		{EA8B6974-184B-4E26-9AE7-225D39A5E2FE}.Ad-Hoc|Any CPU.Deploy.0 = Ad-Hoc|iPhone
		{EA8B6974-184B-4E26-9AE7-225D39A5E2FE}.Ad-Hoc|iPhone.ActiveCfg = Ad-Hoc|iPhone
		{EA8B6974-184B-4E26-9AE7-225D39A5E2FE}.Ad-Hoc|iPhone.Build.0 = Ad-Hoc|iPhone
		{EA8B6974-184B-4E26-9AE7-225D39A5E2FE}.Ad-Hoc|iPhone.Deploy.0 = Ad-Hoc|iPhone
		{EA8B6974-184B-4E26-9AE7-225D39A5E2FE}.Ad-Hoc|iPhoneSimulator.ActiveCfg = Ad-Hoc|iPhoneSimulator
		{EA8B6974-184B-4E26-9AE7-225D39A5E2FE}.Ad-Hoc|iPhoneSimulator.Build.0 = Ad-Hoc|iPhoneSimulator
		{EA8B6974-184B-4E26-9AE7-225D39A5E2FE}.Ad-Hoc|iPhoneSimulator.Deploy.0 = Ad-Hoc|iPhoneSimulator
		{EA8B6974-184B-4E26-9AE7-225D39A5E2FE}.AppStore|Any CPU.ActiveCfg = AppStore|iPhone
		{EA8B6974-184B-4E26-9AE7-225D39A5E2FE}.AppStore|Any CPU.Build.0 = AppStore|iPhone
		{EA8B6974-184B-4E26-9AE7-225D39A5E2FE}.AppStore|Any CPU.Deploy.0 = AppStore|iPhone
		{EA8B6974-184B-4E26-9AE7-225D39A5E2FE}.AppStore|iPhone.ActiveCfg = AppStore|iPhone
		{EA8B6974-184B-4E26-9AE7-225D39A5E2FE}.AppStore|iPhone.Build.0 = AppStore|iPhone
		{EA8B6974-184B-4E26-9AE7-225D39A5E2FE}.AppStore|iPhone.Deploy.0 = AppStore|iPhone
		{EA8B6974-184B-4E26-9AE7-225D39A5E2FE}.AppStore|iPhoneSimulator.ActiveCfg = AppStore|iPhoneSimulator
		{EA8B6974-184B-4E26-9AE7-225D39A5E2FE}.AppStore|iPhoneSimulator.Build.0 = AppStore|iPhoneSimulator
		{EA8B6974-184B-4E26-9AE7-225D39A5E2FE}.AppStore|iPhoneSimulator.Deploy.0 = AppStore|iPhoneSimulator
		{EA8B6974-184B-4E26-9AE7-225D39A5E2FE}.Debug|Any CPU.ActiveCfg = Debug|iPhoneSimulator
		{EA8B6974-184B-4E26-9AE7-225D39A5E2FE}.Debug|Any CPU.Build.0 = Debug|iPhoneSimulator
		{EA8B6974-184B-4E26-9AE7-225D39A5E2FE}.Debug|Any CPU.Deploy.0 = Debug|iPhoneSimulator
		{EA8B6974-184B-4E26-9AE7-225D39A5E2FE}.Debug|iPhone.ActiveCfg = Debug|iPhone
		{EA8B6974-184B-4E26-9AE7-225D39A5E2FE}.Debug|iPhone.Build.0 = Debug|iPhone
		{EA8B6974-184B-4E26-9AE7-225D39A5E2FE}.Debug|iPhone.Deploy.0 = Debug|iPhone
		{EA8B6974-184B-4E26-9AE7-225D39A5E2FE}.Debug|iPhoneSimulator.ActiveCfg = Debug|iPhoneSimulator
		{EA8B6974-184B-4E26-9AE7-225D39A5E2FE}.Debug|iPhoneSimulator.Build.0 = Debug|iPhoneSimulator
		{EA8B6974-184B-4E26-9AE7-225D39A5E2FE}.Debug|iPhoneSimulator.Deploy.0 = Debug|iPhoneSimulator
		{EA8B6974-184B-4E26-9AE7-225D39A5E2FE}.Release|Any CPU.ActiveCfg = Release|iPhone
		{EA8B6974-184B-4E26-9AE7-225D39A5E2FE}.Release|Any CPU.Build.0 = Release|iPhone
		{EA8B6974-184B-4E26-9AE7-225D39A5E2FE}.Release|Any CPU.Deploy.0 = Release|iPhone
		{EA8B6974-184B-4E26-9AE7-225D39A5E2FE}.Release|iPhone.ActiveCfg = Release|iPhone
		{EA8B6974-184B-4E26-9AE7-225D39A5E2FE}.Release|iPhone.Build.0 = Release|iPhone
		{EA8B6974-184B-4E26-9AE7-225D39A5E2FE}.Release|iPhone.Deploy.0 = Release|iPhone
		{EA8B6974-184B-4E26-9AE7-225D39A5E2FE}.Release|iPhoneSimulator.ActiveCfg = Release|iPhoneSimulator
		{EA8B6974-184B-4E26-9AE7-225D39A5E2FE}.Release|iPhoneSimulator.Build.0 = Release|iPhoneSimulator
		{EA8B6974-184B-4E26-9AE7-225D39A5E2FE}.Release|iPhoneSimulator.Deploy.0 = Release|iPhoneSimulator
		{7EEF4A75-68C4-47D2-94C9-E2844489BDCA}.Ad-Hoc|Any CPU.ActiveCfg = Debug|Any CPU
		{7EEF4A75-68C4-47D2-94C9-E2844489BDCA}.Ad-Hoc|Any CPU.Build.0 = Debug|Any CPU
		{7EEF4A75-68C4-47D2-94C9-E2844489BDCA}.Ad-Hoc|Any CPU.Deploy.0 = Debug|Any CPU
		{7EEF4A75-68C4-47D2-94C9-E2844489BDCA}.Ad-Hoc|iPhone.ActiveCfg = Debug|Any CPU
		{7EEF4A75-68C4-47D2-94C9-E2844489BDCA}.Ad-Hoc|iPhone.Build.0 = Debug|Any CPU
		{7EEF4A75-68C4-47D2-94C9-E2844489BDCA}.Ad-Hoc|iPhone.Deploy.0 = Debug|Any CPU
		{7EEF4A75-68C4-47D2-94C9-E2844489BDCA}.Ad-Hoc|iPhoneSimulator.ActiveCfg = Debug|Any CPU
		{7EEF4A75-68C4-47D2-94C9-E2844489BDCA}.Ad-Hoc|iPhoneSimulator.Build.0 = Debug|Any CPU
		{7EEF4A75-68C4-47D2-94C9-E2844489BDCA}.Ad-Hoc|iPhoneSimulator.Deploy.0 = Debug|Any CPU
		{7EEF4A75-68C4-47D2-94C9-E2844489BDCA}.AppStore|Any CPU.ActiveCfg = Debug|Any CPU
		{7EEF4A75-68C4-47D2-94C9-E2844489BDCA}.AppStore|Any CPU.Build.0 = Debug|Any CPU
		{7EEF4A75-68C4-47D2-94C9-E2844489BDCA}.AppStore|Any CPU.Deploy.0 = Debug|Any CPU
		{7EEF4A75-68C4-47D2-94C9-E2844489BDCA}.AppStore|iPhone.ActiveCfg = Debug|Any CPU
		{7EEF4A75-68C4-47D2-94C9-E2844489BDCA}.AppStore|iPhone.Build.0 = Debug|Any CPU
		{7EEF4A75-68C4-47D2-94C9-E2844489BDCA}.AppStore|iPhone.Deploy.0 = Debug|Any CPU
		{7EEF4A75-68C4-47D2-94C9-E2844489BDCA}.AppStore|iPhoneSimulator.ActiveCfg = Debug|Any CPU
		{7EEF4A75-68C4-47D2-94C9-E2844489BDCA}.AppStore|iPhoneSimulator.Build.0 = Debug|Any CPU
		{7EEF4A75-68C4-47D2-94C9-E2844489BDCA}.AppStore|iPhoneSimulator.Deploy.0 = Debug|Any CPU
		{7EEF4A75-68C4-47D2-94C9-E2844489BDCA}.Debug|Any CPU.ActiveCfg = Debug|Any CPU
		{7EEF4A75-68C4-47D2-94C9-E2844489BDCA}.Debug|Any CPU.Build.0 = Debug|Any CPU
		{7EEF4A75-68C4-47D2-94C9-E2844489BDCA}.Debug|Any CPU.Deploy.0 = Debug|Any CPU
		{7EEF4A75-68C4-47D2-94C9-E2844489BDCA}.Debug|iPhone.ActiveCfg = Debug|Any CPU
		{7EEF4A75-68C4-47D2-94C9-E2844489BDCA}.Debug|iPhone.Build.0 = Debug|Any CPU
		{7EEF4A75-68C4-47D2-94C9-E2844489BDCA}.Debug|iPhone.Deploy.0 = Debug|Any CPU
		{7EEF4A75-68C4-47D2-94C9-E2844489BDCA}.Debug|iPhoneSimulator.ActiveCfg = Debug|Any CPU
		{7EEF4A75-68C4-47D2-94C9-E2844489BDCA}.Debug|iPhoneSimulator.Build.0 = Debug|Any CPU
		{7EEF4A75-68C4-47D2-94C9-E2844489BDCA}.Debug|iPhoneSimulator.Deploy.0 = Debug|Any CPU
		{7EEF4A75-68C4-47D2-94C9-E2844489BDCA}.Release|Any CPU.ActiveCfg = Release|Any CPU
		{7EEF4A75-68C4-47D2-94C9-E2844489BDCA}.Release|Any CPU.Build.0 = Release|Any CPU
		{7EEF4A75-68C4-47D2-94C9-E2844489BDCA}.Release|Any CPU.Deploy.0 = Release|Any CPU
		{7EEF4A75-68C4-47D2-94C9-E2844489BDCA}.Release|iPhone.ActiveCfg = Release|Any CPU
		{7EEF4A75-68C4-47D2-94C9-E2844489BDCA}.Release|iPhone.Build.0 = Release|Any CPU
		{7EEF4A75-68C4-47D2-94C9-E2844489BDCA}.Release|iPhone.Deploy.0 = Release|Any CPU
		{7EEF4A75-68C4-47D2-94C9-E2844489BDCA}.Release|iPhoneSimulator.ActiveCfg = Release|Any CPU
		{7EEF4A75-68C4-47D2-94C9-E2844489BDCA}.Release|iPhoneSimulator.Build.0 = Release|Any CPU
		{7EEF4A75-68C4-47D2-94C9-E2844489BDCA}.Release|iPhoneSimulator.Deploy.0 = Release|Any CPU
	EndGlobalSection
	GlobalSection(SolutionProperties) = preSolution
		HideSolutionNode = FALSE
	EndGlobalSection
	GlobalSection(ExtensibilityGlobals) = postSolution
		SolutionGuid = {A7502A7D-8F39-4FFB-A6B7-55A4CB7DD246}
	EndGlobalSection
EndGlobal
